
Microsoft Visual Studio Solution File, Format Version 12.00
# Visual Studio Version 16
VisualStudioVersion = 16.0.32228.343
MinimumVisualStudioVersion = 10.0.40219.1
Project("{FAE04EC0-301F-11D3-BF4B-00C04F79EFBC}") = "WindowsFormsApp17", "WindowsFormsApp17.csproj", "{71BCD552-4ABF-4701-948F-38F28C0DE8E3}"
EndProject
Global
	GlobalSection(SolutionConfigurationPlatforms) = preSolution
		Debug|Any CPU = Debug|Any CPU
		Release|Any CPU = Release|Any CPU
	EndGlobalSection
	GlobalSection(ProjectConfigurationPlatforms) = postSolution
		{71BCD552-4ABF-4701-948F-38F28C0DE8E3}.Debug|Any CPU.ActiveCfg = Debug|Any CPU
		{71BCD552-4ABF-4701-948F-38F28C0DE8E3}.Debug|Any CPU.Build.0 = Debug|Any CPU
		{71BCD552-4ABF-4701-948F-38F28C0DE8E3}.Release|Any CPU.ActiveCfg = Release|Any CPU
		{71BCD552-4ABF-4701-948F-38F28C0DE8E3}.Release|Any CPU.Build.0 = Release|Any CPU
	EndGlobalSection
	GlobalSection(SolutionProperties) = preSolution
		HideSolutionNode = FALSE
	EndGlobalSection
	GlobalSection(ExtensibilityGlobals) = postSolution
		SolutionGuid = {23EF5F00-DC2D-43FA-A7BB-940B971EEC24}
	EndGlobalSection
EndGlobal
